// !$*UTF8*$!
{
	archiveVersion = 1;
	classes = {
	};
	objectVersion = 50;
	objects = {

/* Begin PBXBuildFile section */
		F61E6C8725A42C1D001E844F /* ShigatsuTags.framework in Frameworks */ = {isa = PBXBuildFile; fileRef = F61E6C7D25A42C1D001E844F /* ShigatsuTags.framework */; };
		F61E6C8C25A42C1D001E844F /* ShigatsuTagsTests.swift in Sources */ = {isa = PBXBuildFile; fileRef = F61E6C8B25A42C1D001E844F /* ShigatsuTagsTests.swift */; };
		F61E6C8E25A42C1D001E844F /* ShigatsuTags.h in Headers */ = {isa = PBXBuildFile; fileRef = F61E6C8025A42C1D001E844F /* ShigatsuTags.h */; settings = {ATTRIBUTES = (Public, ); }; };
/* End PBXBuildFile section */

/* Begin PBXContainerItemProxy section */
		F61E6C8825A42C1D001E844F /* PBXContainerItemProxy */ = {
			isa = PBXContainerItemProxy;
			containerPortal = F61E6C7425A42C1D001E844F /* Project object */;
			proxyType = 1;
			remoteGlobalIDString = F61E6C7C25A42C1D001E844F;
			remoteInfo = ShigatsuTags;
		};
/* End PBXContainerItemProxy section */

/* Begin PBXFileReference section */
		F61E6C7D25A42C1D001E844F /* ShigatsuTags.framework */ = {isa = PBXFileReference; explicitFileType = wrapper.framework; includeInIndex = 0; path = ShigatsuTags.framework; sourceTree = BUILT_PRODUCTS_DIR; };
		F61E6C8025A42C1D001E844F /* ShigatsuTags.h */ = {isa = PBXFileReference; lastKnownFileType = sourcecode.c.h; path = ShigatsuTags.h; sourceTree = "<group>"; };
		F61E6C8125A42C1D001E844F /* Info.plist */ = {isa = PBXFileReference; lastKnownFileType = text.plist.xml; path = Info.plist; sourceTree = "<group>"; };
		F61E6C8625A42C1D001E844F /* ShigatsuTagsTests.xctest */ = {isa = PBXFileReference; explicitFileType = wrapper.cfbundle; includeInIndex = 0; path = ShigatsuTagsTests.xctest; sourceTree = BUILT_PRODUCTS_DIR; };
		F61E6C8B25A42C1D001E844F /* ShigatsuTagsTests.swift */ = {isa = PBXFileReference; lastKnownFileType = sourcecode.swift; path = ShigatsuTagsTests.swift; sourceTree = "<group>"; };
		F61E6C8D25A42C1D001E844F /* Info.plist */ = {isa = PBXFileReference; lastKnownFileType = text.plist.xml; path = Info.plist; sourceTree = "<group>"; };
/* End PBXFileReference section */

/* Begin PBXFrameworksBuildPhase section */
		F61E6C7A25A42C1D001E844F /* Frameworks */ = {
			isa = PBXFrameworksBuildPhase;
			buildActionMask = 2147483647;
			files = (
			);
			runOnlyForDeploymentPostprocessing = 0;
		};
		F61E6C8325A42C1D001E844F /* Frameworks */ = {
			isa = PBXFrameworksBuildPhase;
			buildActionMask = 2147483647;
			files = (
				F61E6C8725A42C1D001E844F /* ShigatsuTags.framework in Frameworks */,
			);
			runOnlyForDeploymentPostprocessing = 0;
		};
/* End PBXFrameworksBuildPhase section */

/* Begin PBXGroup section */
		F61E6C7325A42C1D001E844F = {
			isa = PBXGroup;
			children = (
				F61E6C7F25A42C1D001E844F /* ShigatsuTags */,
				F61E6C8A25A42C1D001E844F /* ShigatsuTagsTests */,
				F61E6C7E25A42C1D001E844F /* Products */,
			);
			sourceTree = "<group>";
		};
		F61E6C7E25A42C1D001E844F /* Products */ = {
			isa = PBXGroup;
			children = (
				F61E6C7D25A42C1D001E844F /* ShigatsuTags.framework */,
				F61E6C8625A42C1D001E844F /* ShigatsuTagsTests.xctest */,
			);
			name = Products;
			sourceTree = "<group>";
		};
		F61E6C7F25A42C1D001E844F /* ShigatsuTags */ = {
			isa = PBXGroup;
			children = (
				F61E6C8025A42C1D001E844F /* ShigatsuTags.h */,
				F61E6C8125A42C1D001E844F /* Info.plist */,
			);
			path = ShigatsuTags;
			sourceTree = "<group>";
		};
		F61E6C8A25A42C1D001E844F /* ShigatsuTagsTests */ = {
			isa = PBXGroup;
			children = (
				F61E6C8B25A42C1D001E844F /* ShigatsuTagsTests.swift */,
				F61E6C8D25A42C1D001E844F /* Info.plist */,
			);
			path = ShigatsuTagsTests;
			sourceTree = "<group>";
		};
/* End PBXGroup section */

/* Begin PBXHeadersBuildPhase section */
		F61E6C7825A42C1D001E844F /* Headers */ = {
			isa = PBXHeadersBuildPhase;
			buildActionMask = 2147483647;
			files = (
				F61E6C8E25A42C1D001E844F /* ShigatsuTags.h in Headers */,
			);
			runOnlyForDeploymentPostprocessing = 0;
		};
/* End PBXHeadersBuildPhase section */

/* Begin PBXNativeTarget section */
		F61E6C7C25A42C1D001E844F /* ShigatsuTags */ = {
			isa = PBXNativeTarget;
			buildConfigurationList = F61E6C9125A42C1D001E844F /* Build configuration list for PBXNativeTarget "ShigatsuTags" */;
			buildPhases = (
				F61E6C7825A42C1D001E844F /* Headers */,
				F61E6C7925A42C1D001E844F /* Sources */,
				F61E6C7A25A42C1D001E844F /* Frameworks */,
				F61E6C7B25A42C1D001E844F /* Resources */,
			);
			buildRules = (
			);
			dependencies = (
			);
			name = ShigatsuTags;
			productName = ShigatsuTags;
			productReference = F61E6C7D25A42C1D001E844F /* ShigatsuTags.framework */;
			productType = "com.apple.product-type.framework";
		};
		F61E6C8525A42C1D001E844F /* ShigatsuTagsTests */ = {
			isa = PBXNativeTarget;
			buildConfigurationList = F61E6C9425A42C1D001E844F /* Build configuration list for PBXNativeTarget "ShigatsuTagsTests" */;
			buildPhases = (
				F61E6C8225A42C1D001E844F /* Sources */,
				F61E6C8325A42C1D001E844F /* Frameworks */,
				F61E6C8425A42C1D001E844F /* Resources */,
			);
			buildRules = (
			);
			dependencies = (
				F61E6C8925A42C1D001E844F /* PBXTargetDependency */,
			);
			name = ShigatsuTagsTests;
			productName = ShigatsuTagsTests;
			productReference = F61E6C8625A42C1D001E844F /* ShigatsuTagsTests.xctest */;
			productType = "com.apple.product-type.bundle.unit-test";
		};
/* End PBXNativeTarget section */

/* Begin PBXProject section */
		F61E6C7425A42C1D001E844F /* Project object */ = {
			isa = PBXProject;
			attributes = {
				LastSwiftUpdateCheck = 1010;
				LastUpgradeCheck = 1010;
				ORGANIZATIONNAME = "Alexander Lim";
				TargetAttributes = {
					F61E6C7C25A42C1D001E844F = {
						CreatedOnToolsVersion = 10.1;
					};
					F61E6C8525A42C1D001E844F = {
						CreatedOnToolsVersion = 10.1;
					};
				};
			};
			buildConfigurationList = F61E6C7725A42C1D001E844F /* Build configuration list for PBXProject "ShigatsuTags" */;
			compatibilityVersion = "Xcode 9.3";
			developmentRegion = en;
			hasScannedForEncodings = 0;
			knownRegions = (
				en,
			);
			mainGroup = F61E6C7325A42C1D001E844F;
			productRefGroup = F61E6C7E25A42C1D001E844F /* Products */;
			projectDirPath = "";
			projectRoot = "";
			targets = (
				F61E6C7C25A42C1D001E844F /* ShigatsuTags */,
				F61E6C8525A42C1D001E844F /* ShigatsuTagsTests */,
			);
		};
/* End PBXProject section */

/* Begin PBXResourcesBuildPhase section */
		F61E6C7B25A42C1D001E844F /* Resources */ = {
			isa = PBXResourcesBuildPhase;
			buildActionMask = 2147483647;
			files = (
			);
			runOnlyForDeploymentPostprocessing = 0;
		};
		F61E6C8425A42C1D001E844F /* Resources */ = {
			isa = PBXResourcesBuildPhase;
			buildActionMask = 2147483647;
			files = (
			);
			runOnlyForDeploymentPostprocessing = 0;
		};
/* End PBXResourcesBuildPhase section */

/* Begin PBXSourcesBuildPhase section */
		F61E6C7925A42C1D001E844F /* Sources */ = {
			isa = PBXSourcesBuildPhase;
			buildActionMask = 2147483647;
			files = (
			);
			runOnlyForDeploymentPostprocessing = 0;
		};
		F61E6C8225A42C1D001E844F /* Sources */ = {
			isa = PBXSourcesBuildPhase;
			buildActionMask = 2147483647;
			files = (
				F61E6C8C25A42C1D001E844F /* ShigatsuTagsTests.swift in Sources */,
			);
			runOnlyForDeploymentPostprocessing = 0;
		};
/* End PBXSourcesBuildPhase section */

/* Begin PBXTargetDependency section */
		F61E6C8925A42C1D001E844F /* PBXTargetDependency */ = {
			isa = PBXTargetDependency;
			target = F61E6C7C25A42C1D001E844F /* ShigatsuTags */;
			targetProxy = F61E6C8825A42C1D001E844F /* PBXContainerItemProxy */;
		};
/* End PBXTargetDependency section */

/* Begin XCBuildConfiguration section */
		F61E6C8F25A42C1D001E844F /* Debug */ = {
			isa = XCBuildConfiguration;
			buildSettings = {
				ALWAYS_SEARCH_USER_PATHS = NO;
				CLANG_ANALYZER_NONNULL = YES;
				CLANG_ANALYZER_NUMBER_OBJECT_CONVERSION = YES_AGGRESSIVE;
				CLANG_CXX_LANGUAGE_STANDARD = "gnu++14";
				CLANG_CXX_LIBRARY = "libc++";
				CLANG_ENABLE_MODULES = YES;
				CLANG_ENABLE_OBJC_ARC = YES;
				CLANG_ENABLE_OBJC_WEAK = YES;
				CLANG_WARN_BLOCK_CAPTURE_AUTORELEASING = YES;
				CLANG_WARN_BOOL_CONVERSION = YES;
				CLANG_WARN_COMMA = YES;
				CLANG_WARN_CONSTANT_CONVERSION = YES;
				CLANG_WARN_DEPRECATED_OBJC_IMPLEMENTATIONS = YES;
				CLANG_WARN_DIRECT_OBJC_ISA_USAGE = YES_ERROR;
				CLANG_WARN_DOCUMENTATION_COMMENTS = YES;
				CLANG_WARN_EMPTY_BODY = YES;
				CLANG_WARN_ENUM_CONVERSION = YES;
				CLANG_WARN_INFINITE_RECURSION = YES;
				CLANG_WARN_INT_CONVERSION = YES;
				CLANG_WARN_NON_LITERAL_NULL_CONVERSION = YES;
				CLANG_WARN_OBJC_IMPLICIT_RETAIN_SELF = YES;
				CLANG_WARN_OBJC_LITERAL_CONVERSION = YES;
				CLANG_WARN_OBJC_ROOT_CLASS = YES_ERROR;
				CLANG_WARN_RANGE_LOOP_ANALYSIS = YES;
				CLANG_WARN_STRICT_PROTOTYPES = YES;
				CLANG_WARN_SUSPICIOUS_MOVE = YES;
				CLANG_WARN_UNGUARDED_AVAILABILITY = YES_AGGRESSIVE;
				CLANG_WARN_UNREACHABLE_CODE = YES;
				CLANG_WARN__DUPLICATE_METHOD_MATCH = YES;
				CODE_SIGN_IDENTITY = "Mac Developer";
				COPY_PHASE_STRIP = NO;
				CURRENT_PROJECT_VERSION = 1;
				DEBUG_INFORMATION_FORMAT = dwarf;
				ENABLE_STRICT_OBJC_MSGSEND = YES;
				ENABLE_TESTABILITY = YES;
				GCC_C_LANGUAGE_STANDARD = gnu11;
				GCC_DYNAMIC_NO_PIC = NO;
				GCC_NO_COMMON_BLOCKS = YES;
				GCC_OPTIMIZATION_LEVEL = 0;
				GCC_PREPROCESSOR_DEFINITIONS = (
					"DEBUG=1",
					"$(inherited)",
				);
				GCC_WARN_64_TO_32_BIT_CONVERSION = YES;
				GCC_WARN_ABOUT_RETURN_TYPE = YES_ERROR;
				GCC_WARN_UNDECLARED_SELECTOR = YES;
				GCC_WARN_UNINITIALIZED_AUTOS = YES_AGGRESSIVE;
				GCC_WARN_UNUSED_FUNCTION = YES;
				GCC_WARN_UNUSED_VARIABLE = YES;
				MACOSX_DEPLOYMENT_TARGET = 10.13;
				MTL_ENABLE_DEBUG_INFO = INCLUDE_SOURCE;
				MTL_FAST_MATH = YES;
				ONLY_ACTIVE_ARCH = YES;
				SDKROOT = macosx;
				SWIFT_ACTIVE_COMPILATION_CONDITIONS = DEBUG;
				SWIFT_OPTIMIZATION_LEVEL = "-Onone";
				VERSIONING_SYSTEM = "apple-generic";
				VERSION_INFO_PREFIX = "";
			};
			name = Debug;
		};
		F61E6C9025A42C1D001E844F /* Release */ = {
			isa = XCBuildConfiguration;
			buildSettings = {
				ALWAYS_SEARCH_USER_PATHS = NO;
				CLANG_ANALYZER_NONNULL = YES;
				CLANG_ANALYZER_NUMBER_OBJECT_CONVERSION = YES_AGGRESSIVE;
				CLANG_CXX_LANGUAGE_STANDARD = "gnu++14";
				CLANG_CXX_LIBRARY = "libc++";
				CLANG_ENABLE_MODULES = YES;
				CLANG_ENABLE_OBJC_ARC = YES;
				CLANG_ENABLE_OBJC_WEAK = YES;
				CLANG_WARN_BLOCK_CAPTURE_AUTORELEASING = YES;
				CLANG_WARN_BOOL_CONVERSION = YES;
				CLANG_WARN_COMMA = YES;
				CLANG_WARN_CONSTANT_CONVERSION = YES;
				CLANG_WARN_DEPRECATED_OBJC_IMPLEMENTATIONS = YES;
				CLANG_WARN_DIRECT_OBJC_ISA_USAGE = YES_ERROR;
				CLANG_WARN_DOCUMENTATION_COMMENTS = YES;
				CLANG_WARN_EMPTY_BODY = YES;
				CLANG_WARN_ENUM_CONVERSION = YES;
				CLANG_WARN_INFINITE_RECURSION = YES;
				CLANG_WARN_INT_CONVERSION = YES;
				CLANG_WARN_NON_LITERAL_NULL_CONVERSION = YES;
				CLANG_WARN_OBJC_IMPLICIT_RETAIN_SELF = YES;
				CLANG_WARN_OBJC_LITERAL_CONVERSION = YES;
				CLANG_WARN_OBJC_ROOT_CLASS = YES_ERROR;
				CLANG_WARN_RANGE_LOOP_ANALYSIS = YES;
				CLANG_WARN_STRICT_PROTOTYPES = YES;
				CLANG_WARN_SUSPICIOUS_MOVE = YES;
				CLANG_WARN_UNGUARDED_AVAILABILITY = YES_AGGRESSIVE;
				CLANG_WARN_UNREACHABLE_CODE = YES;
				CLANG_WARN__DUPLICATE_METHOD_MATCH = YES;
				CODE_SIGN_IDENTITY = "Mac Developer";
				COPY_PHASE_STRIP = NO;
				CURRENT_PROJECT_VERSION = 1;
				DEBUG_INFORMATION_FORMAT = "dwarf-with-dsym";
				ENABLE_NS_ASSERTIONS = NO;
				ENABLE_STRICT_OBJC_MSGSEND = YES;
				GCC_C_LANGUAGE_STANDARD = gnu11;
				GCC_NO_COMMON_BLOCKS = YES;
				GCC_WARN_64_TO_32_BIT_CONVERSION = YES;
				GCC_WARN_ABOUT_RETURN_TYPE = YES_ERROR;
				GCC_WARN_UNDECLARED_SELECTOR = YES;
				GCC_WARN_UNINITIALIZED_AUTOS = YES_AGGRESSIVE;
				GCC_WARN_UNUSED_FUNCTION = YES;
				GCC_WARN_UNUSED_VARIABLE = YES;
				MACOSX_DEPLOYMENT_TARGET = 10.13;
				MTL_ENABLE_DEBUG_INFO = NO;
				MTL_FAST_MATH = YES;
				SDKROOT = macosx;
				SWIFT_COMPILATION_MODE = wholemodule;
				SWIFT_OPTIMIZATION_LEVEL = "-O";
				VERSIONING_SYSTEM = "apple-generic";
				VERSION_INFO_PREFIX = "";
			};
			name = Release;
		};
		F61E6C9225A42C1D001E844F /* Debug */ = {
			isa = XCBuildConfiguration;
			buildSettings = {
				CODE_SIGN_IDENTITY = "";
				CODE_SIGN_STYLE = Automatic;
				COMBINE_HIDPI_IMAGES = YES;
				DEFINES_MODULE = YES;
				DEVELOPMENT_TEAM = ZX7R9U453C;
				DYLIB_COMPATIBILITY_VERSION = 1;
				DYLIB_CURRENT_VERSION = 1;
				DYLIB_INSTALL_NAME_BASE = "@rpath";
				FRAMEWORK_VERSION = A;
				INFOPLIST_FILE = ShigatsuTags/Info.plist;
				INSTALL_PATH = "$(LOCAL_LIBRARY_DIR)/Frameworks";
				LD_RUNPATH_SEARCH_PATHS = (
					"$(inherited)",
					"@executable_path/../Frameworks",
					"@loader_path/Frameworks",
				);
				PRODUCT_BUNDLE_IDENTIFIER = com.alexanderlim.ShigatsuTags;
				PRODUCT_NAME = "$(TARGET_NAME:c99extidentifier)";
				SKIP_INSTALL = YES;
				SWIFT_VERSION = 4.2;
			};
			name = Debug;
		};
		F61E6C9325A42C1D001E844F /* Release */ = {
			isa = XCBuildConfiguration;
			buildSettings = {
				CODE_SIGN_IDENTITY = "";
				CODE_SIGN_STYLE = Automatic;
				COMBINE_HIDPI_IMAGES = YES;
				DEFINES_MODULE = YES;
				DEVELOPMENT_TEAM = ZX7R9U453C;
				DYLIB_COMPATIBILITY_VERSION = 1;
				DYLIB_CURRENT_VERSION = 1;
				DYLIB_INSTALL_NAME_BASE = "@rpath";
				FRAMEWORK_VERSION = A;
				INFOPLIST_FILE = ShigatsuTags/Info.plist;
				INSTALL_PATH = "$(LOCAL_LIBRARY_DIR)/Frameworks";
				LD_RUNPATH_SEARCH_PATHS = (
					"$(inherited)",
					"@executable_path/../Frameworks",
					"@loader_path/Frameworks",
				);
				PRODUCT_BUNDLE_IDENTIFIER = com.alexanderlim.ShigatsuTags;
				PRODUCT_NAME = "$(TARGET_NAME:c99extidentifier)";
				SKIP_INSTALL = YES;
				SWIFT_VERSION = 4.2;
			};
			name = Release;
		};
		F61E6C9525A42C1D001E844F /* Debug */ = {
			isa = XCBuildConfiguration;
			buildSettings = {
				CODE_SIGN_STYLE = Automatic;
				COMBINE_HIDPI_IMAGES = YES;
				DEVELOPMENT_TEAM = ZX7R9U453C;
				INFOPLIST_FILE = ShigatsuTagsTests/Info.plist;
				LD_RUNPATH_SEARCH_PATHS = (
					"$(inherited)",
					"@executable_path/../Frameworks",
					"@loader_path/../Frameworks",
				);
				PRODUCT_BUNDLE_IDENTIFIER = com.alexanderlim.ShigatsuTagsTests;
				PRODUCT_NAME = "$(TARGET_NAME)";
				SWIFT_VERSION = 4.2;
			};
			name = Debug;
		};
		F61E6C9625A42C1D001E844F /* Release */ = {
			isa = XCBuildConfiguration;
			buildSettings = {
				CODE_SIGN_STYLE = Automatic;
				COMBINE_HIDPI_IMAGES = YES;
				DEVELOPMENT_TEAM = ZX7R9U453C;
				INFOPLIST_FILE = ShigatsuTagsTests/Info.plist;
				LD_RUNPATH_SEARCH_PATHS = (
					"$(inherited)",
					"@executable_path/../Frameworks",
					"@loader_path/../Frameworks",
				);
				PRODUCT_BUNDLE_IDENTIFIER = com.alexanderlim.ShigatsuTagsTests;
				PRODUCT_NAME = "$(TARGET_NAME)";
				SWIFT_VERSION = 4.2;
			};
			name = Release;
		};
/* End XCBuildConfiguration section */

/* Begin XCConfigurationList section */
		F61E6C7725A42C1D001E844F /* Build configuration list for PBXProject "ShigatsuTags" */ = {
			isa = XCConfigurationList;
			buildConfigurations = (
				F61E6C8F25A42C1D001E844F /* Debug */,
				F61E6C9025A42C1D001E844F /* Release */,
			);
			defaultConfigurationIsVisible = 0;
			defaultConfigurationName = Release;
		};
		F61E6C9125A42C1D001E844F /* Build configuration list for PBXNativeTarget "ShigatsuTags" */ = {
			isa = XCConfigurationList;
			buildConfigurations = (
				F61E6C9225A42C1D001E844F /* Debug */,
				F61E6C9325A42C1D001E844F /* Release */,
			);
			defaultConfigurationIsVisible = 0;
			defaultConfigurationName = Release;
		};
		F61E6C9425A42C1D001E844F /* Build configuration list for PBXNativeTarget "ShigatsuTagsTests" */ = {
			isa = XCConfigurationList;
			buildConfigurations = (
				F61E6C9525A42C1D001E844F /* Debug */,
				F61E6C9625A42C1D001E844F /* Release */,
			);
			defaultConfigurationIsVisible = 0;
			defaultConfigurationName = Release;
		};
/* End XCConfigurationList section */
	};
	rootObject = F61E6C7425A42C1D001E844F /* Project object */;
}
